
Microsoft Visual Studio Solution File, Format Version 12.00
# Visual Studio Version 17
VisualStudioVersion = 17.4.33213.308
MinimumVisualStudioVersion = 10.0.40219.1
Project("{FAE04EC0-301F-11D3-BF4B-00C04F79EFBC}") = "Lecture Example - Classes (Fields, Properties, and Constructors)", "Lecture Example - Classes (Fields, Properties, and Constructors).csproj", "{F2018746-B3CF-4CAC-B79A-BDBCFD5CF95E}"
EndProject
Global
	GlobalSection(SolutionConfigurationPlatforms) = preSolution
		Debug|Any CPU = Debug|Any CPU
		Release|Any CPU = Release|Any CPU
	EndGlobalSection
	GlobalSection(ProjectConfigurationPlatforms) = postSolution
		{F2018746-B3CF-4CAC-B79A-BDBCFD5CF95E}.Debug|Any CPU.ActiveCfg = Debug|Any CPU
		{F2018746-B3CF-4CAC-B79A-BDBCFD5CF95E}.Debug|Any CPU.Build.0 = Debug|Any CPU
		{F2018746-B3CF-4CAC-B79A-BDBCFD5CF95E}.Release|Any CPU.ActiveCfg = Release|Any CPU
		{F2018746-B3CF-4CAC-B79A-BDBCFD5CF95E}.Release|Any CPU.Build.0 = Release|Any CPU
	EndGlobalSection
	GlobalSection(SolutionProperties) = preSolution
		HideSolutionNode = FALSE
	EndGlobalSection
	GlobalSection(ExtensibilityGlobals) = postSolution
		SolutionGuid = {6181D066-8AD5-4DF6-B3B7-46CA34B07171}
	EndGlobalSection
EndGlobal
